
Microsoft Visual Studio Solution File, Format Version 9.00
# Visual Studio 2005
Project("{FAE04EC0-301F-11D3-BF4B-00C04F79EFBC}") = "LMC", "LMC.csproj", "{909000D9-3E38-4718-BD05-A6EE97ABEF65}"
EndProject
Project("{FAE04EC0-301F-11D3-BF4B-00C04F79EFBC}") = "Eventlog", "..\LikewiseClassLibraries\EventLog\Eventlog.csproj", "{6844AA5B-95A3-4F50-A084-8316A02B6E58}"
EndProject
Project("{FAE04EC0-301F-11D3-BF4B-00C04F79EFBC}") = "Krb5", "..\LikewiseClassLibraries\Krb5\Krb5.csproj", "{D27214EF-85C2-46D7-94A7-45C3D26BEAC8}"
EndProject
Project("{FAE04EC0-301F-11D3-BF4B-00C04F79EFBC}") = "LDAP", "..\LikewiseClassLibraries\Ldap\LDAP.csproj", "{A01CDE74-BC93-437B-A97A-883083EA4CC9}"
EndProject
Project("{FAE04EC0-301F-11D3-BF4B-00C04F79EFBC}") = "LSAMgmt", "..\LikewiseClassLibraries\LSAMgmt\LSAMgmt.csproj", "{243005B8-C3E5-4C21-9EAF-A4E7A8C99CDB}"
EndProject
Project("{FAE04EC0-301F-11D3-BF4B-00C04F79EFBC}") = "NetApi", "..\LikewiseClassLibraries\NetApi\NetApi.csproj", "{978100A9-9BF2-49A9-8E2B-57DB61907526}"
EndProject
Project("{FAE04EC0-301F-11D3-BF4B-00C04F79EFBC}") = "Netlogon", "..\LikewiseClassLibraries\Netlogon\Netlogon.csproj", "{BE8FEFB2-BC23-43AC-A6D4-80B43A6F0B0D}"
EndProject
Project("{FAE04EC0-301F-11D3-BF4B-00C04F79EFBC}") = "Registry", "..\LikewiseClassLibraries\Registry\Registry.csproj", "{2DF5A2F1-5A73-406F-A165-C34476BE5874}"
EndProject
Project("{FAE04EC0-301F-11D3-BF4B-00C04F79EFBC}") = "services", "..\LikewiseClassLibraries\Services\services.csproj", "{2D29BF46-464C-481E-8CE0-FF502A8102E3}"
EndProject
Project("{FAE04EC0-301F-11D3-BF4B-00C04F79EFBC}") = "System.DirectoryServices", "..\LikewiseClassLibraries\System.DirectoryServices\System.DirectoryServices.csproj", "{52C1CE09-2AF3-4AF2-8E3A-0C2DC0EB2761}"
EndProject
Project("{FAE04EC0-301F-11D3-BF4B-00C04F79EFBC}") = "AuthUtils", "..\AuthUtils\AuthUtils.csproj", "{805A93D2-3B90-4A27-B319-73D86363470A}"
EndProject
Project("{FAE04EC0-301F-11D3-BF4B-00C04F79EFBC}") = "ServerControl_Open", "..\ServerControl\ServerControl_Open.csproj", "{9F45E041-5B67-48B8-AD13-DD5C40F3364A}"
EndProject
Project("{FAE04EC0-301F-11D3-BF4B-00C04F79EFBC}") = "RootPlugin", "..\OpenPlugins\RootPlugin\RootPlugin.csproj", "{AD9DD3D8-1787-48F3-AECE-66C74E009265}"
EndProject
Project("{FAE04EC0-301F-11D3-BF4B-00C04F79EFBC}") = "LMConsoleUtils", "..\EnterprisePlugins\LMConsoleUtils\LMConsoleUtils.csproj", "{173DA8F3-1A04-4F17-9EBA-7632E82CCD3A}"
EndProject
Global
	GlobalSection(SolutionConfigurationPlatforms) = preSolution
		Debug|Any CPU = Debug|Any CPU
		Debug|Mixed Platforms = Debug|Mixed Platforms
		Debug|Win32 = Debug|Win32
		Release|Any CPU = Release|Any CPU
		Release|Mixed Platforms = Release|Mixed Platforms
		Release|Win32 = Release|Win32
	EndGlobalSection
	GlobalSection(ProjectConfigurationPlatforms) = postSolution
		{909000D9-3E38-4718-BD05-A6EE97ABEF65}.Debug|Any CPU.ActiveCfg = Debug|Any CPU
		{909000D9-3E38-4718-BD05-A6EE97ABEF65}.Debug|Any CPU.Build.0 = Debug|Any CPU
		{909000D9-3E38-4718-BD05-A6EE97ABEF65}.Debug|Mixed Platforms.ActiveCfg = Debug|Any CPU
		{909000D9-3E38-4718-BD05-A6EE97ABEF65}.Debug|Mixed Platforms.Build.0 = Debug|Any CPU
		{909000D9-3E38-4718-BD05-A6EE97ABEF65}.Debug|Win32.ActiveCfg = Debug|Any CPU
		{909000D9-3E38-4718-BD05-A6EE97ABEF65}.Release|Any CPU.ActiveCfg = Release|Any CPU
		{909000D9-3E38-4718-BD05-A6EE97ABEF65}.Release|Any CPU.Build.0 = Release|Any CPU
		{909000D9-3E38-4718-BD05-A6EE97ABEF65}.Release|Mixed Platforms.ActiveCfg = Release|Any CPU
		{909000D9-3E38-4718-BD05-A6EE97ABEF65}.Release|Mixed Platforms.Build.0 = Release|Any CPU
		{909000D9-3E38-4718-BD05-A6EE97ABEF65}.Release|Win32.ActiveCfg = Release|Any CPU
		{6844AA5B-95A3-4F50-A084-8316A02B6E58}.Debug|Any CPU.ActiveCfg = Debug|Any CPU
		{6844AA5B-95A3-4F50-A084-8316A02B6E58}.Debug|Any CPU.Build.0 = Debug|Any CPU
		{6844AA5B-95A3-4F50-A084-8316A02B6E58}.Debug|Mixed Platforms.ActiveCfg = Debug|Any CPU
		{6844AA5B-95A3-4F50-A084-8316A02B6E58}.Debug|Mixed Platforms.Build.0 = Debug|Any CPU
		{6844AA5B-95A3-4F50-A084-8316A02B6E58}.Debug|Win32.ActiveCfg = Debug|Any CPU
		{6844AA5B-95A3-4F50-A084-8316A02B6E58}.Release|Any CPU.ActiveCfg = Release|Any CPU
		{6844AA5B-95A3-4F50-A084-8316A02B6E58}.Release|Any CPU.Build.0 = Release|Any CPU
		{6844AA5B-95A3-4F50-A084-8316A02B6E58}.Release|Mixed Platforms.ActiveCfg = Release|Any CPU
		{6844AA5B-95A3-4F50-A084-8316A02B6E58}.Release|Mixed Platforms.Build.0 = Release|Any CPU
		{6844AA5B-95A3-4F50-A084-8316A02B6E58}.Release|Win32.ActiveCfg = Release|Any CPU
		{D27214EF-85C2-46D7-94A7-45C3D26BEAC8}.Debug|Any CPU.ActiveCfg = Debug|Any CPU
		{D27214EF-85C2-46D7-94A7-45C3D26BEAC8}.Debug|Any CPU.Build.0 = Debug|Any CPU
		{D27214EF-85C2-46D7-94A7-45C3D26BEAC8}.Debug|Mixed Platforms.ActiveCfg = Debug|Any CPU
		{D27214EF-85C2-46D7-94A7-45C3D26BEAC8}.Debug|Mixed Platforms.Build.0 = Debug|Any CPU
		{D27214EF-85C2-46D7-94A7-45C3D26BEAC8}.Debug|Win32.ActiveCfg = Debug|Any CPU
		{D27214EF-85C2-46D7-94A7-45C3D26BEAC8}.Release|Any CPU.ActiveCfg = Release|Any CPU
		{D27214EF-85C2-46D7-94A7-45C3D26BEAC8}.Release|Any CPU.Build.0 = Release|Any CPU
		{D27214EF-85C2-46D7-94A7-45C3D26BEAC8}.Release|Mixed Platforms.ActiveCfg = Release|Any CPU
		{D27214EF-85C2-46D7-94A7-45C3D26BEAC8}.Release|Mixed Platforms.Build.0 = Release|Any CPU
		{D27214EF-85C2-46D7-94A7-45C3D26BEAC8}.Release|Win32.ActiveCfg = Release|Any CPU
		{A01CDE74-BC93-437B-A97A-883083EA4CC9}.Debug|Any CPU.ActiveCfg = Debug|Any CPU
		{A01CDE74-BC93-437B-A97A-883083EA4CC9}.Debug|Any CPU.Build.0 = Debug|Any CPU
		{A01CDE74-BC93-437B-A97A-883083EA4CC9}.Debug|Mixed Platforms.ActiveCfg = Debug|Any CPU
		{A01CDE74-BC93-437B-A97A-883083EA4CC9}.Debug|Mixed Platforms.Build.0 = Debug|Any CPU
		{A01CDE74-BC93-437B-A97A-883083EA4CC9}.Debug|Win32.ActiveCfg = Debug|Any CPU
		{A01CDE74-BC93-437B-A97A-883083EA4CC9}.Release|Any CPU.ActiveCfg = Release|Any CPU
		{A01CDE74-BC93-437B-A97A-883083EA4CC9}.Release|Any CPU.Build.0 = Release|Any CPU
		{A01CDE74-BC93-437B-A97A-883083EA4CC9}.Release|Mixed Platforms.ActiveCfg = Release|Any CPU
		{A01CDE74-BC93-437B-A97A-883083EA4CC9}.Release|Mixed Platforms.Build.0 = Release|Any CPU
		{A01CDE74-BC93-437B-A97A-883083EA4CC9}.Release|Win32.ActiveCfg = Release|Any CPU
		{243005B8-C3E5-4C21-9EAF-A4E7A8C99CDB}.Debug|Any CPU.ActiveCfg = Debug|Any CPU
		{243005B8-C3E5-4C21-9EAF-A4E7A8C99CDB}.Debug|Any CPU.Build.0 = Debug|Any CPU
		{243005B8-C3E5-4C21-9EAF-A4E7A8C99CDB}.Debug|Mixed Platforms.ActiveCfg = Debug|Any CPU
		{243005B8-C3E5-4C21-9EAF-A4E7A8C99CDB}.Debug|Mixed Platforms.Build.0 = Debug|Any CPU
		{243005B8-C3E5-4C21-9EAF-A4E7A8C99CDB}.Debug|Win32.ActiveCfg = Debug|Any CPU
		{243005B8-C3E5-4C21-9EAF-A4E7A8C99CDB}.Release|Any CPU.ActiveCfg = Release|Any CPU
		{243005B8-C3E5-4C21-9EAF-A4E7A8C99CDB}.Release|Any CPU.Build.0 = Release|Any CPU
		{243005B8-C3E5-4C21-9EAF-A4E7A8C99CDB}.Release|Mixed Platforms.ActiveCfg = Release|Any CPU
		{243005B8-C3E5-4C21-9EAF-A4E7A8C99CDB}.Release|Mixed Platforms.Build.0 = Release|Any CPU
		{243005B8-C3E5-4C21-9EAF-A4E7A8C99CDB}.Release|Win32.ActiveCfg = Release|Any CPU
		{978100A9-9BF2-49A9-8E2B-57DB61907526}.Debug|Any CPU.ActiveCfg = Debug|Any CPU
		{978100A9-9BF2-49A9-8E2B-57DB61907526}.Debug|Any CPU.Build.0 = Debug|Any CPU
		{978100A9-9BF2-49A9-8E2B-57DB61907526}.Debug|Mixed Platforms.ActiveCfg = Debug|Any CPU
		{978100A9-9BF2-49A9-8E2B-57DB61907526}.Debug|Mixed Platforms.Build.0 = Debug|Any CPU
		{978100A9-9BF2-49A9-8E2B-57DB61907526}.Debug|Win32.ActiveCfg = Debug|Any CPU
		{978100A9-9BF2-49A9-8E2B-57DB61907526}.Release|Any CPU.ActiveCfg = Release|Any CPU
		{978100A9-9BF2-49A9-8E2B-57DB61907526}.Release|Any CPU.Build.0 = Release|Any CPU
		{978100A9-9BF2-49A9-8E2B-57DB61907526}.Release|Mixed Platforms.ActiveCfg = Release|Any CPU
		{978100A9-9BF2-49A9-8E2B-57DB61907526}.Release|Mixed Platforms.Build.0 = Release|Any CPU
		{978100A9-9BF2-49A9-8E2B-57DB61907526}.Release|Win32.ActiveCfg = Release|Any CPU
		{BE8FEFB2-BC23-43AC-A6D4-80B43A6F0B0D}.Debug|Any CPU.ActiveCfg = Debug|Any CPU
		{BE8FEFB2-BC23-43AC-A6D4-80B43A6F0B0D}.Debug|Any CPU.Build.0 = Debug|Any CPU
		{BE8FEFB2-BC23-43AC-A6D4-80B43A6F0B0D}.Debug|Mixed Platforms.ActiveCfg = Debug|Any CPU
		{BE8FEFB2-BC23-43AC-A6D4-80B43A6F0B0D}.Debug|Mixed Platforms.Build.0 = Debug|Any CPU
		{BE8FEFB2-BC23-43AC-A6D4-80B43A6F0B0D}.Debug|Win32.ActiveCfg = Debug|Any CPU
		{BE8FEFB2-BC23-43AC-A6D4-80B43A6F0B0D}.Release|Any CPU.ActiveCfg = Release|Any CPU
		{BE8FEFB2-BC23-43AC-A6D4-80B43A6F0B0D}.Release|Any CPU.Build.0 = Release|Any CPU
		{BE8FEFB2-BC23-43AC-A6D4-80B43A6F0B0D}.Release|Mixed Platforms.ActiveCfg = Release|Any CPU
		{BE8FEFB2-BC23-43AC-A6D4-80B43A6F0B0D}.Release|Mixed Platforms.Build.0 = Release|Any CPU
		{BE8FEFB2-BC23-43AC-A6D4-80B43A6F0B0D}.Release|Win32.ActiveCfg = Release|Any CPU
		{2DF5A2F1-5A73-406F-A165-C34476BE5874}.Debug|Any CPU.ActiveCfg = Debug|Any CPU
		{2DF5A2F1-5A73-406F-A165-C34476BE5874}.Debug|Any CPU.Build.0 = Debug|Any CPU
		{2DF5A2F1-5A73-406F-A165-C34476BE5874}.Debug|Mixed Platforms.ActiveCfg = Debug|Any CPU
		{2DF5A2F1-5A73-406F-A165-C34476BE5874}.Debug|Mixed Platforms.Build.0 = Debug|Any CPU
		{2DF5A2F1-5A73-406F-A165-C34476BE5874}.Debug|Win32.ActiveCfg = Debug|Any CPU
		{2DF5A2F1-5A73-406F-A165-C34476BE5874}.Release|Any CPU.ActiveCfg = Release|Any CPU
		{2DF5A2F1-5A73-406F-A165-C34476BE5874}.Release|Any CPU.Build.0 = Release|Any CPU
		{2DF5A2F1-5A73-406F-A165-C34476BE5874}.Release|Mixed Platforms.ActiveCfg = Release|Any CPU
		{2DF5A2F1-5A73-406F-A165-C34476BE5874}.Release|Mixed Platforms.Build.0 = Release|Any CPU
		{2DF5A2F1-5A73-406F-A165-C34476BE5874}.Release|Win32.ActiveCfg = Release|Any CPU
		{2D29BF46-464C-481E-8CE0-FF502A8102E3}.Debug|Any CPU.ActiveCfg = Debug|Any CPU
		{2D29BF46-464C-481E-8CE0-FF502A8102E3}.Debug|Any CPU.Build.0 = Debug|Any CPU
		{2D29BF46-464C-481E-8CE0-FF502A8102E3}.Debug|Mixed Platforms.ActiveCfg = Debug|Any CPU
		{2D29BF46-464C-481E-8CE0-FF502A8102E3}.Debug|Mixed Platforms.Build.0 = Debug|Any CPU
		{2D29BF46-464C-481E-8CE0-FF502A8102E3}.Debug|Win32.ActiveCfg = Debug|Any CPU
		{2D29BF46-464C-481E-8CE0-FF502A8102E3}.Release|Any CPU.ActiveCfg = Release|Any CPU
		{2D29BF46-464C-481E-8CE0-FF502A8102E3}.Release|Any CPU.Build.0 = Release|Any CPU
		{2D29BF46-464C-481E-8CE0-FF502A8102E3}.Release|Mixed Platforms.ActiveCfg = Release|Any CPU
		{2D29BF46-464C-481E-8CE0-FF502A8102E3}.Release|Mixed Platforms.Build.0 = Release|Any CPU
		{2D29BF46-464C-481E-8CE0-FF502A8102E3}.Release|Win32.ActiveCfg = Release|Any CPU
		{52C1CE09-2AF3-4AF2-8E3A-0C2DC0EB2761}.Debug|Any CPU.ActiveCfg = Debug|Any CPU
		{52C1CE09-2AF3-4AF2-8E3A-0C2DC0EB2761}.Debug|Any CPU.Build.0 = Debug|Any CPU
		{52C1CE09-2AF3-4AF2-8E3A-0C2DC0EB2761}.Debug|Mixed Platforms.ActiveCfg = Debug|Any CPU
		{52C1CE09-2AF3-4AF2-8E3A-0C2DC0EB2761}.Debug|Mixed Platforms.Build.0 = Debug|Any CPU
		{52C1CE09-2AF3-4AF2-8E3A-0C2DC0EB2761}.Debug|Win32.ActiveCfg = Debug|Any CPU
		{52C1CE09-2AF3-4AF2-8E3A-0C2DC0EB2761}.Release|Any CPU.ActiveCfg = Release|Any CPU
		{52C1CE09-2AF3-4AF2-8E3A-0C2DC0EB2761}.Release|Any CPU.Build.0 = Release|Any CPU
		{52C1CE09-2AF3-4AF2-8E3A-0C2DC0EB2761}.Release|Mixed Platforms.ActiveCfg = Release|Any CPU
		{52C1CE09-2AF3-4AF2-8E3A-0C2DC0EB2761}.Release|Mixed Platforms.Build.0 = Release|Any CPU
		{52C1CE09-2AF3-4AF2-8E3A-0C2DC0EB2761}.Release|Win32.ActiveCfg = Release|Any CPU
		{805A93D2-3B90-4A27-B319-73D86363470A}.Debug|Any CPU.ActiveCfg = Debug|Any CPU
		{805A93D2-3B90-4A27-B319-73D86363470A}.Debug|Any CPU.Build.0 = Debug|Any CPU
		{805A93D2-3B90-4A27-B319-73D86363470A}.Debug|Mixed Platforms.ActiveCfg = Debug|Any CPU
		{805A93D2-3B90-4A27-B319-73D86363470A}.Debug|Mixed Platforms.Build.0 = Debug|Any CPU
		{805A93D2-3B90-4A27-B319-73D86363470A}.Debug|Win32.ActiveCfg = Debug|Any CPU
		{805A93D2-3B90-4A27-B319-73D86363470A}.Release|Any CPU.ActiveCfg = Release|Any CPU
		{805A93D2-3B90-4A27-B319-73D86363470A}.Release|Any CPU.Build.0 = Release|Any CPU
		{805A93D2-3B90-4A27-B319-73D86363470A}.Release|Mixed Platforms.ActiveCfg = Release|Any CPU
		{805A93D2-3B90-4A27-B319-73D86363470A}.Release|Mixed Platforms.Build.0 = Release|Any CPU
		{805A93D2-3B90-4A27-B319-73D86363470A}.Release|Win32.ActiveCfg = Release|Any CPU
		{9F45E041-5B67-48B8-AD13-DD5C40F3364A}.Debug|Any CPU.ActiveCfg = Debug|Any CPU
		{9F45E041-5B67-48B8-AD13-DD5C40F3364A}.Debug|Any CPU.Build.0 = Debug|Any CPU
		{9F45E041-5B67-48B8-AD13-DD5C40F3364A}.Debug|Mixed Platforms.ActiveCfg = Debug|Any CPU
		{9F45E041-5B67-48B8-AD13-DD5C40F3364A}.Debug|Mixed Platforms.Build.0 = Debug|Any CPU
		{9F45E041-5B67-48B8-AD13-DD5C40F3364A}.Debug|Win32.ActiveCfg = Debug|Any CPU
		{9F45E041-5B67-48B8-AD13-DD5C40F3364A}.Release|Any CPU.ActiveCfg = Release|Any CPU
		{9F45E041-5B67-48B8-AD13-DD5C40F3364A}.Release|Any CPU.Build.0 = Release|Any CPU
		{9F45E041-5B67-48B8-AD13-DD5C40F3364A}.Release|Mixed Platforms.ActiveCfg = Release|Any CPU
		{9F45E041-5B67-48B8-AD13-DD5C40F3364A}.Release|Mixed Platforms.Build.0 = Release|Any CPU
		{9F45E041-5B67-48B8-AD13-DD5C40F3364A}.Release|Win32.ActiveCfg = Release|Any CPU
		{AD9DD3D8-1787-48F3-AECE-66C74E009265}.Debug|Any CPU.ActiveCfg = Debug|Any CPU
		{AD9DD3D8-1787-48F3-AECE-66C74E009265}.Debug|Any CPU.Build.0 = Debug|Any CPU
		{AD9DD3D8-1787-48F3-AECE-66C74E009265}.Debug|Mixed Platforms.ActiveCfg = Debug|Any CPU
		{AD9DD3D8-1787-48F3-AECE-66C74E009265}.Debug|Mixed Platforms.Build.0 = Debug|Any CPU
		{AD9DD3D8-1787-48F3-AECE-66C74E009265}.Debug|Win32.ActiveCfg = Debug|Any CPU
		{AD9DD3D8-1787-48F3-AECE-66C74E009265}.Release|Any CPU.ActiveCfg = Release|Any CPU
		{AD9DD3D8-1787-48F3-AECE-66C74E009265}.Release|Any CPU.Build.0 = Release|Any CPU
		{AD9DD3D8-1787-48F3-AECE-66C74E009265}.Release|Mixed Platforms.ActiveCfg = Release|Any CPU
		{AD9DD3D8-1787-48F3-AECE-66C74E009265}.Release|Mixed Platforms.Build.0 = Release|Any CPU
		{AD9DD3D8-1787-48F3-AECE-66C74E009265}.Release|Win32.ActiveCfg = Release|Any CPU
		{173DA8F3-1A04-4F17-9EBA-7632E82CCD3A}.Debug|Any CPU.ActiveCfg = Debug|Any CPU
		{173DA8F3-1A04-4F17-9EBA-7632E82CCD3A}.Debug|Any CPU.Build.0 = Debug|Any CPU
		{173DA8F3-1A04-4F17-9EBA-7632E82CCD3A}.Debug|Mixed Platforms.ActiveCfg = Debug|Any CPU
		{173DA8F3-1A04-4F17-9EBA-7632E82CCD3A}.Debug|Mixed Platforms.Build.0 = Debug|Any CPU
		{173DA8F3-1A04-4F17-9EBA-7632E82CCD3A}.Debug|Win32.ActiveCfg = Debug|Any CPU
		{173DA8F3-1A04-4F17-9EBA-7632E82CCD3A}.Release|Any CPU.ActiveCfg = Release|Any CPU
		{173DA8F3-1A04-4F17-9EBA-7632E82CCD3A}.Release|Any CPU.Build.0 = Release|Any CPU
		{173DA8F3-1A04-4F17-9EBA-7632E82CCD3A}.Release|Mixed Platforms.ActiveCfg = Release|Any CPU
		{173DA8F3-1A04-4F17-9EBA-7632E82CCD3A}.Release|Mixed Platforms.Build.0 = Release|Any CPU
		{173DA8F3-1A04-4F17-9EBA-7632E82CCD3A}.Release|Win32.ActiveCfg = Release|Any CPU
	EndGlobalSection
	GlobalSection(SolutionProperties) = preSolution
		HideSolutionNode = FALSE
	EndGlobalSection
EndGlobal
