
Microsoft Visual Studio Solution File, Format Version 9.00
# Visual Studio 2005
Project("{FAE04EC0-301F-11D3-BF4B-00C04F79EFBC}") = "System.DirectoryServices", "System.DirectoryServices.csproj", "{52C1CE09-2AF3-4AF2-8E3A-0C2DC0EB2761}"
EndProject
Project("{FAE04EC0-301F-11D3-BF4B-00C04F79EFBC}") = "Likewise.LMC.MemoryManager", "..\Likewise.LMC.MemoryManager\Likewise.LMC.MemoryManager.csproj", "{A56804D8-A18A-4647-BB8B-0B38B4B3985A}"
EndProject
Project("{FAE04EC0-301F-11D3-BF4B-00C04F79EFBC}") = "Likewise.LMC.AuthUtils", "..\Likewise.LMC.AuthUtils\Likewise.LMC.AuthUtils.csproj", "{805A93D2-3B90-4A27-B319-73D86363470A}"
EndProject
Project("{FAE04EC0-301F-11D3-BF4B-00C04F79EFBC}") = "Likewise.LMC.LDAP", "..\Likewise.LMC.LDAP\Likewise.LMC.LDAP.csproj", "{A01CDE74-BC93-437B-A97A-883083EA4CC9}"
EndProject
Project("{2150E333-8FDC-42A3-9474-1A3956D46DE8}") = "Solution Items", "Solution Items", "{AF9587BE-564F-4745-B4F0-91300FC474B7}"
	ProjectSection(SolutionItems) = preProject
		..\MMC3Test\src\MainForm.cs = ..\MMC3Test\src\MainForm.cs
	EndProjectSection
EndProject
Global
	GlobalSection(SolutionConfigurationPlatforms) = preSolution
		Debug|Any CPU = Debug|Any CPU
		Release|Any CPU = Release|Any CPU
	EndGlobalSection
	GlobalSection(ProjectConfigurationPlatforms) = postSolution
		{52C1CE09-2AF3-4AF2-8E3A-0C2DC0EB2761}.Debug|Any CPU.ActiveCfg = Debug|Any CPU
		{52C1CE09-2AF3-4AF2-8E3A-0C2DC0EB2761}.Debug|Any CPU.Build.0 = Debug|Any CPU
		{52C1CE09-2AF3-4AF2-8E3A-0C2DC0EB2761}.Release|Any CPU.ActiveCfg = Release|Any CPU
		{52C1CE09-2AF3-4AF2-8E3A-0C2DC0EB2761}.Release|Any CPU.Build.0 = Release|Any CPU
		{A56804D8-A18A-4647-BB8B-0B38B4B3985A}.Debug|Any CPU.ActiveCfg = Debug|Any CPU
		{A56804D8-A18A-4647-BB8B-0B38B4B3985A}.Debug|Any CPU.Build.0 = Debug|Any CPU
		{A56804D8-A18A-4647-BB8B-0B38B4B3985A}.Release|Any CPU.ActiveCfg = Release|Any CPU
		{A56804D8-A18A-4647-BB8B-0B38B4B3985A}.Release|Any CPU.Build.0 = Release|Any CPU
		{805A93D2-3B90-4A27-B319-73D86363470A}.Debug|Any CPU.ActiveCfg = Debug|Any CPU
		{805A93D2-3B90-4A27-B319-73D86363470A}.Debug|Any CPU.Build.0 = Debug|Any CPU
		{805A93D2-3B90-4A27-B319-73D86363470A}.Release|Any CPU.ActiveCfg = Release|Any CPU
		{805A93D2-3B90-4A27-B319-73D86363470A}.Release|Any CPU.Build.0 = Release|Any CPU
		{A01CDE74-BC93-437B-A97A-883083EA4CC9}.Debug|Any CPU.ActiveCfg = Debug|Any CPU
		{A01CDE74-BC93-437B-A97A-883083EA4CC9}.Debug|Any CPU.Build.0 = Debug|Any CPU
		{A01CDE74-BC93-437B-A97A-883083EA4CC9}.Release|Any CPU.ActiveCfg = Release|Any CPU
		{A01CDE74-BC93-437B-A97A-883083EA4CC9}.Release|Any CPU.Build.0 = Release|Any CPU
	EndGlobalSection
	GlobalSection(SolutionProperties) = preSolution
		HideSolutionNode = FALSE
	EndGlobalSection
EndGlobal
