// !$*UTF8*$!
{
	archiveVersion = 1;
	classes = {
	};
	objectVersion = 42;
	objects = {

/* Begin PBXBuildFile section */
		04C5D69FFF9E071C11C9C878 /* ServerModule.c in Sources */ = {isa = PBXBuildFile; fileRef = 04C5D69AFF9E071C11C9C878 /* ServerModule.c */; settings = {ATTRIBUTES = (); }; };
		04C5D6A0FF9E071C11C9C878 /* ServerModuleLib.c in Sources */ = {isa = PBXBuildFile; fileRef = 04C5D69BFF9E071C11C9C878 /* ServerModuleLib.c */; settings = {ATTRIBUTES = (); }; };
		1DDA9AABFF9E4F6911C9C878 /* PlugInConsts.h in Headers */ = {isa = PBXBuildFile; fileRef = 1DDA9AAAFF9E4F6911C9C878 /* PlugInConsts.h */; };
		25C0312D0E10113700B7CCF5 /* LWAuthAdapter.cpp in Sources */ = {isa = PBXBuildFile; fileRef = 25C031290E10113700B7CCF5 /* LWAuthAdapter.cpp */; };
		25C0312E0E10113700B7CCF5 /* LWAuthAdapter.h in Headers */ = {isa = PBXBuildFile; fileRef = 25C0312A0E10113700B7CCF5 /* LWAuthAdapter.h */; };
		25C0312F0E10113700B7CCF5 /* LWISAuthAdapter.cpp in Sources */ = {isa = PBXBuildFile; fileRef = 25C0312B0E10113700B7CCF5 /* LWISAuthAdapter.cpp */; };
		25C031300E10113700B7CCF5 /* LWISAuthAdapter.h in Headers */ = {isa = PBXBuildFile; fileRef = 25C0312C0E10113700B7CCF5 /* LWISAuthAdapter.h */; };
		25C031BF0E10230300B7CCF5 /* LWAuthAdapterImpl.h in Headers */ = {isa = PBXBuildFile; fileRef = 25C031BE0E10230300B7CCF5 /* LWAuthAdapterImpl.h */; };
		25FEF4C70DA371EF00204DDD /* LWIRecordQuery.cpp in Sources */ = {isa = PBXBuildFile; fileRef = 25FEF4C50DA371EF00204DDD /* LWIRecordQuery.cpp */; };
		25FEF4C80DA371EF00204DDD /* LWIRecordQuery.h in Headers */ = {isa = PBXBuildFile; fileRef = 25FEF4C60DA371EF00204DDD /* LWIRecordQuery.h */; };
		2BA6CBA50C1A35C700352119 /* LWICRC.cpp in Sources */ = {isa = PBXBuildFile; fileRef = 2BA6CBA40C1A35C700352119 /* LWICRC.cpp */; };
		2BA6CBA90C1A35DA00352119 /* LWICRC.h in Headers */ = {isa = PBXBuildFile; fileRef = 2BA6CBA80C1A35DA00352119 /* LWICRC.h */; };
		2BE205740C12946A009CE7E9 /* LWIBitVector.cpp in Sources */ = {isa = PBXBuildFile; fileRef = 2BE205720C12946A009CE7E9 /* LWIBitVector.cpp */; };
		2BE205750C12946A009CE7E9 /* LWIBitVector.h in Headers */ = {isa = PBXBuildFile; fileRef = 2BE205730C12946A009CE7E9 /* LWIBitVector.h */; };
		2BE373CD0C07C73800261971 /* LWIAttrLookup.cpp in Sources */ = {isa = PBXBuildFile; fileRef = 2BE373B90C07C73800261971 /* LWIAttrLookup.cpp */; };
		2BE373CE0C07C73800261971 /* LWIAttrLookup.h in Headers */ = {isa = PBXBuildFile; fileRef = 2BE373BA0C07C73800261971 /* LWIAttrLookup.h */; };
		2BE373CF0C07C73800261971 /* LWIAttrValDataQuery.cpp in Sources */ = {isa = PBXBuildFile; fileRef = 2BE373BB0C07C73800261971 /* LWIAttrValDataQuery.cpp */; };
		2BE373D00C07C73800261971 /* LWIAttrValDataQuery.h in Headers */ = {isa = PBXBuildFile; fileRef = 2BE373BC0C07C73800261971 /* LWIAttrValDataQuery.h */; };
		2BE373D30C07C73800261971 /* LWIAuthAdapter.cpp in Sources */ = {isa = PBXBuildFile; fileRef = 2BE373BF0C07C73800261971 /* LWIAuthAdapter.cpp */; };
		2BE373D40C07C73800261971 /* LWIAuthAdapter.h in Headers */ = {isa = PBXBuildFile; fileRef = 2BE373C00C07C73800261971 /* LWIAuthAdapter.h */; };
		2BE373D50C07C73800261971 /* LWIException.h in Headers */ = {isa = PBXBuildFile; fileRef = 2BE373C10C07C73800261971 /* LWIException.h */; };
		2BE373D60C07C73800261971 /* LWIPlugIn.h in Headers */ = {isa = PBXBuildFile; fileRef = 2BE373C20C07C73800261971 /* LWIPlugIn.h */; };
		2BE373D70C07C73800261971 /* LWIPlugInInitException.h in Headers */ = {isa = PBXBuildFile; fileRef = 2BE373C30C07C73800261971 /* LWIPlugInInitException.h */; };
		2BE373D80C07C73800261971 /* LWIQuery.cpp in Sources */ = {isa = PBXBuildFile; fileRef = 2BE373C40C07C73800261971 /* LWIQuery.cpp */; };
		2BE373D90C07C73800261971 /* LWIQuery.h in Headers */ = {isa = PBXBuildFile; fileRef = 2BE373C50C07C73800261971 /* LWIQuery.h */; };
		2BE373DA0C07C73800261971 /* LWIRecordListQuery.cpp in Sources */ = {isa = PBXBuildFile; fileRef = 2BE373C60C07C73800261971 /* LWIRecordListQuery.cpp */; };
		2BE373DB0C07C73800261971 /* LWIRecordListQuery.h in Headers */ = {isa = PBXBuildFile; fileRef = 2BE373C70C07C73800261971 /* LWIRecordListQuery.h */; };
		2BE373DC0C07C73800261971 /* LWIRecTypeLookup.cpp in Sources */ = {isa = PBXBuildFile; fileRef = 2BE373C80C07C73800261971 /* LWIRecTypeLookup.cpp */; };
		2BE373DD0C07C73800261971 /* LWIRecTypeLookup.h in Headers */ = {isa = PBXBuildFile; fileRef = 2BE373C90C07C73800261971 /* LWIRecTypeLookup.h */; };
		2BE373DE0C07C73800261971 /* LWIStruct.h in Headers */ = {isa = PBXBuildFile; fileRef = 2BE373CA0C07C73800261971 /* LWIStruct.h */; };
		2BE373DF0C07C73800261971 /* PlugInShell.cpp in Sources */ = {isa = PBXBuildFile; fileRef = 2BE373CB0C07C73800261971 /* PlugInShell.cpp */; };
		2BE373E00C07C73800261971 /* PlugInShell.h in Headers */ = {isa = PBXBuildFile; fileRef = 2BE373CC0C07C73800261971 /* PlugInShell.h */; };
		2BE373E40C07C74E00261971 /* SharedData.h in Headers */ = {isa = PBXBuildFile; fileRef = 2BE373E10C07C74E00261971 /* SharedData.h */; };
		2BE373E50C07C74E00261971 /* Utilities.cpp in Sources */ = {isa = PBXBuildFile; fileRef = 2BE373E20C07C74E00261971 /* Utilities.cpp */; };
		2BE373E60C07C74E00261971 /* Utilities.h in Headers */ = {isa = PBXBuildFile; fileRef = 2BE373E30C07C74E00261971 /* Utilities.h */; };
		2BE3F86F0C0F675D0080F65B /* LWIMutexLock.h in Headers */ = {isa = PBXBuildFile; fileRef = 2BE3F86D0C0F675D0080F65B /* LWIMutexLock.h */; };
		2BE3F8700C0F675D0080F65B /* LWIMutexLockGuard.h in Headers */ = {isa = PBXBuildFile; fileRef = 2BE3F86E0C0F675D0080F65B /* LWIMutexLockGuard.h */; };
		2BE3F94F0C0F7E5F0080F65B /* LWIUser.h in Headers */ = {isa = PBXBuildFile; fileRef = 2BE3F94D0C0F7E5F0080F65B /* LWIUser.h */; };
		2BE3F9500C0F7E5F0080F65B /* LWIUser.cpp in Sources */ = {isa = PBXBuildFile; fileRef = 2BE3F94E0C0F7E5F0080F65B /* LWIUser.cpp */; };
		2BE3F9630C0F91F50080F65B /* LWIGroup.h in Headers */ = {isa = PBXBuildFile; fileRef = 2BE3F9610C0F91F50080F65B /* LWIGroup.h */; };
		2BE3F9640C0F91F50080F65B /* LWIGroup.cpp in Sources */ = {isa = PBXBuildFile; fileRef = 2BE3F9620C0F91F50080F65B /* LWIGroup.cpp */; };
		4BF1C76EFEF02F6311DD2B58 /* PluginData.h in Headers */ = {isa = PBXBuildFile; fileRef = 4BF1C75BFEF02F6311DD2B58 /* PluginData.h */; };
		4BF1C770FEF02F6311DD2B58 /* ServerModule.h in Headers */ = {isa = PBXBuildFile; fileRef = 4BF1C75DFEF02F6311DD2B58 /* ServerModule.h */; };
		4BF1C771FEF02F6311DD2B58 /* ServerModuleLib.h in Headers */ = {isa = PBXBuildFile; fileRef = 4BF1C75EFEF02F6311DD2B58 /* ServerModuleLib.h */; };
		4BF1C77AFEF02F6311DD2B58 /* CoreFoundation.framework in Frameworks */ = {isa = PBXBuildFile; fileRef = 4BF1C767FEF02F6311DD2B58 /* CoreFoundation.framework */; };
		4BF1C77BFEF02F6311DD2B58 /* DirectoryService.framework in Frameworks */ = {isa = PBXBuildFile; fileRef = 4BF1C768FEF02F6311DD2B58 /* DirectoryService.framework */; };
		B9D5BDC00C17948F0022680F /* LWIDirNodeQuery.cpp in Sources */ = {isa = PBXBuildFile; fileRef = B9D5BDBF0C17948F0022680F /* LWIDirNodeQuery.cpp */; };
		B9D5BDC20C1794A30022680F /* LWIDirNodeQuery.h in Headers */ = {isa = PBXBuildFile; fileRef = B9D5BDC10C1794A30022680F /* LWIDirNodeQuery.h */; };
/* End PBXBuildFile section */

/* Begin PBXBundleTarget section */
		4BF1C76AFEF02F6311DD2B58 /* LWIDSPlugIn (Bundle) */ = {
			isa = PBXBundleTarget;
			buildConfigurationList = 255EFF680BBC2AA000A16151 /* Build configuration list for PBXBundleTarget "LWIDSPlugIn (Bundle)" */;
			buildPhases = (
				4BF1C76BFEF02F6311DD2B58 /* Headers */,
				4BF1C773FEF02F6311DD2B58 /* Resources */,
				4BF1C774FEF02F6311DD2B58 /* Sources */,
				4BF1C779FEF02F6311DD2B58 /* Frameworks */,
				4BF1C77DFEF02F6311DD2B58 /* Rez */,
			);
			dependencies = (
			);
			name = "LWIDSPlugIn (Bundle)";
			productInstallPath = "$(NEXT_ROOT)$(LOCAL_LIBRARY_DIR)/DirectoryServices/PlugIns";
			productName = LWIDSPlugIn;
			productReference = F6B7F57A00C8586101DD2B8E /* LWIDSPlugIn.dsplug */;
			productSettingsXML = "<?xml version=\"1.0\" encoding=\"UTF-8\"?>
<!DOCTYPE plist PUBLIC \"-//Apple Computer//DTD PLIST 1.0//EN\" \"http://www.apple.com/DTDs/PropertyList-1.0.dtd\">
<plist version=\"1.0\">
<dict>
	<key>CFBundleConfigAvail</key>
	<string>/opt/likewise/bin/Likewise Domain Join.app</string>
	<key>CFBundleConfigFile</key>
	<string>Not Available</string>
	<key>CFBundleDevelopmentRegion</key>
	<string>English</string>
	<key>CFBundleExecutable</key>
	<string>LWIDSPlugIn</string>
	<key>CFBundleGetInfoString</key>
	<string></string>
	<key>CFBundleIconFile</key>
	<string></string>
	<key>CFBundleIdentifier</key>
	<string>com.likewisesoftware.LWIDSPlugIn</string>
	<key>CFBundleInfoDictionaryVersion</key>
	<string>6.0</string>
	<key>CFBundleName</key>
	<string>Likewise - Active Directory</string>
	<key>CFBundlePackageSignature</key>
	<string>adss</string>
	<key>CFBundlePackageType</key>
	<string>dspi</string>
	<key>CFBundleShortVersionString</key>
	<string>5.0.0</string>
	<key>CFBundleSignature</key>
	<string>????</string>
	<key>CFBundleVersion</key>
	<string>5.0.0</string>
	<key>CFPlugInDynamicRegistration</key>
	<string>NO</string>
	<key>CFPlugInFactories</key>
	<dict>
		<key>294C5980-DECE-11DB-8741-0016CBA85497</key>
		<string>ModuleFactory</string>
	</dict>
	<key>CFPlugInTypes</key>
	<dict>
		<key>697B5D6C-87A1-1226-89CA-000502C1C736</key>
		<array>
			<string>294C5980-DECE-11DB-8741-0016CBA85497</string>
		</array>
	</dict>
	<key>CFPluginNameString</key>
	<string>Likewise - Active Directory</string>
	<key>DSPluginPrefix</key>
	<string>Likewise - Active Directory</string>
	<key>DSServerSignature</key>
	<string>Likewise - Active Directory</string>
	<key>NSPrincipalClass</key>
	<string>plugin</string>
</dict>
</plist>
";
		};
/* End PBXBundleTarget section */

/* Begin PBXFileReference section */
		04C5D69AFF9E071C11C9C878 /* ServerModule.c */ = {isa = PBXFileReference; lastKnownFileType = sourcecode.c.c; path = ServerModule.c; sourceTree = "<group>"; };
		04C5D69BFF9E071C11C9C878 /* ServerModuleLib.c */ = {isa = PBXFileReference; lastKnownFileType = sourcecode.c.c; path = ServerModuleLib.c; sourceTree = "<group>"; };
		1DDA9AAAFF9E4F6911C9C878 /* PlugInConsts.h */ = {isa = PBXFileReference; lastKnownFileType = sourcecode.c.h; path = PlugInConsts.h; sourceTree = "<group>"; };
		25C031290E10113700B7CCF5 /* LWAuthAdapter.cpp */ = {isa = PBXFileReference; fileEncoding = 4; lastKnownFileType = sourcecode.cpp.cpp; path = LWAuthAdapter.cpp; sourceTree = "<group>"; };
		25C0312A0E10113700B7CCF5 /* LWAuthAdapter.h */ = {isa = PBXFileReference; fileEncoding = 4; lastKnownFileType = sourcecode.c.h; path = LWAuthAdapter.h; sourceTree = "<group>"; };
		25C0312B0E10113700B7CCF5 /* LWISAuthAdapter.cpp */ = {isa = PBXFileReference; fileEncoding = 4; lastKnownFileType = sourcecode.cpp.cpp; path = LWISAuthAdapter.cpp; sourceTree = "<group>"; };
		25C0312C0E10113700B7CCF5 /* LWISAuthAdapter.h */ = {isa = PBXFileReference; fileEncoding = 4; lastKnownFileType = sourcecode.c.h; path = LWISAuthAdapter.h; sourceTree = "<group>"; };
		25C031BE0E10230300B7CCF5 /* LWAuthAdapterImpl.h */ = {isa = PBXFileReference; fileEncoding = 4; lastKnownFileType = sourcecode.c.h; path = LWAuthAdapterImpl.h; sourceTree = "<group>"; };
		25FEF4C50DA371EF00204DDD /* LWIRecordQuery.cpp */ = {isa = PBXFileReference; fileEncoding = 4; lastKnownFileType = sourcecode.cpp.cpp; path = LWIRecordQuery.cpp; sourceTree = "<group>"; };
		25FEF4C60DA371EF00204DDD /* LWIRecordQuery.h */ = {isa = PBXFileReference; fileEncoding = 4; lastKnownFileType = sourcecode.c.h; path = LWIRecordQuery.h; sourceTree = "<group>"; };
		2BA6CBA40C1A35C700352119 /* LWICRC.cpp */ = {isa = PBXFileReference; fileEncoding = 30; lastKnownFileType = sourcecode.cpp.cpp; path = LWICRC.cpp; sourceTree = "<group>"; };
		2BA6CBA80C1A35DA00352119 /* LWICRC.h */ = {isa = PBXFileReference; fileEncoding = 4; lastKnownFileType = sourcecode.c.h; path = LWICRC.h; sourceTree = "<group>"; };
		2BE205720C12946A009CE7E9 /* LWIBitVector.cpp */ = {isa = PBXFileReference; fileEncoding = 30; lastKnownFileType = sourcecode.cpp.cpp; path = LWIBitVector.cpp; sourceTree = "<group>"; };
		2BE205730C12946A009CE7E9 /* LWIBitVector.h */ = {isa = PBXFileReference; fileEncoding = 30; lastKnownFileType = sourcecode.c.h; path = LWIBitVector.h; sourceTree = "<group>"; };
		2BE373B90C07C73800261971 /* LWIAttrLookup.cpp */ = {isa = PBXFileReference; fileEncoding = 30; lastKnownFileType = sourcecode.cpp.cpp; path = LWIAttrLookup.cpp; sourceTree = "<group>"; };
		2BE373BA0C07C73800261971 /* LWIAttrLookup.h */ = {isa = PBXFileReference; fileEncoding = 30; indentWidth = 4; lastKnownFileType = sourcecode.c.h; path = LWIAttrLookup.h; sourceTree = "<group>"; tabWidth = 4; usesTabs = 0; };
		2BE373BB0C07C73800261971 /* LWIAttrValDataQuery.cpp */ = {isa = PBXFileReference; fileEncoding = 30; lastKnownFileType = sourcecode.cpp.cpp; path = LWIAttrValDataQuery.cpp; sourceTree = "<group>"; };
		2BE373BC0C07C73800261971 /* LWIAttrValDataQuery.h */ = {isa = PBXFileReference; fileEncoding = 30; lastKnownFileType = sourcecode.c.h; path = LWIAttrValDataQuery.h; sourceTree = "<group>"; };
		2BE373BF0C07C73800261971 /* LWIAuthAdapter.cpp */ = {isa = PBXFileReference; fileEncoding = 30; lastKnownFileType = sourcecode.cpp.cpp; path = LWIAuthAdapter.cpp; sourceTree = "<group>"; };
		2BE373C00C07C73800261971 /* LWIAuthAdapter.h */ = {isa = PBXFileReference; fileEncoding = 30; lastKnownFileType = sourcecode.c.h; path = LWIAuthAdapter.h; sourceTree = "<group>"; };
		2BE373C10C07C73800261971 /* LWIException.h */ = {isa = PBXFileReference; fileEncoding = 30; lastKnownFileType = sourcecode.c.h; path = LWIException.h; sourceTree = "<group>"; };
		2BE373C20C07C73800261971 /* LWIPlugIn.h */ = {isa = PBXFileReference; fileEncoding = 30; lastKnownFileType = sourcecode.c.h; path = LWIPlugIn.h; sourceTree = "<group>"; };
		2BE373C30C07C73800261971 /* LWIPlugInInitException.h */ = {isa = PBXFileReference; fileEncoding = 30; lastKnownFileType = sourcecode.c.h; path = LWIPlugInInitException.h; sourceTree = "<group>"; };
		2BE373C40C07C73800261971 /* LWIQuery.cpp */ = {isa = PBXFileReference; fileEncoding = 30; lastKnownFileType = sourcecode.cpp.cpp; path = LWIQuery.cpp; sourceTree = "<group>"; };
		2BE373C50C07C73800261971 /* LWIQuery.h */ = {isa = PBXFileReference; fileEncoding = 30; lastKnownFileType = sourcecode.c.h; path = LWIQuery.h; sourceTree = "<group>"; };
		2BE373C60C07C73800261971 /* LWIRecordListQuery.cpp */ = {isa = PBXFileReference; fileEncoding = 30; lastKnownFileType = sourcecode.cpp.cpp; path = LWIRecordListQuery.cpp; sourceTree = "<group>"; };
		2BE373C70C07C73800261971 /* LWIRecordListQuery.h */ = {isa = PBXFileReference; fileEncoding = 30; lastKnownFileType = sourcecode.c.h; path = LWIRecordListQuery.h; sourceTree = "<group>"; };
		2BE373C80C07C73800261971 /* LWIRecTypeLookup.cpp */ = {isa = PBXFileReference; fileEncoding = 30; lastKnownFileType = sourcecode.cpp.cpp; path = LWIRecTypeLookup.cpp; sourceTree = "<group>"; };
		2BE373C90C07C73800261971 /* LWIRecTypeLookup.h */ = {isa = PBXFileReference; fileEncoding = 30; lastKnownFileType = sourcecode.c.h; path = LWIRecTypeLookup.h; sourceTree = "<group>"; };
		2BE373CA0C07C73800261971 /* LWIStruct.h */ = {isa = PBXFileReference; fileEncoding = 30; lastKnownFileType = sourcecode.c.h; path = LWIStruct.h; sourceTree = "<group>"; };
		2BE373CB0C07C73800261971 /* PlugInShell.cpp */ = {isa = PBXFileReference; fileEncoding = 30; lastKnownFileType = sourcecode.cpp.cpp; path = PlugInShell.cpp; sourceTree = "<group>"; };
		2BE373CC0C07C73800261971 /* PlugInShell.h */ = {isa = PBXFileReference; fileEncoding = 30; lastKnownFileType = sourcecode.c.h; path = PlugInShell.h; sourceTree = "<group>"; };
		2BE373E10C07C74E00261971 /* SharedData.h */ = {isa = PBXFileReference; fileEncoding = 30; lastKnownFileType = sourcecode.c.h; path = SharedData.h; sourceTree = "<group>"; };
		2BE373E20C07C74E00261971 /* Utilities.cpp */ = {isa = PBXFileReference; fileEncoding = 30; lastKnownFileType = sourcecode.cpp.cpp; path = Utilities.cpp; sourceTree = "<group>"; };
		2BE373E30C07C74E00261971 /* Utilities.h */ = {isa = PBXFileReference; fileEncoding = 30; lastKnownFileType = sourcecode.c.h; path = Utilities.h; sourceTree = "<group>"; };
		2BE3F86D0C0F675D0080F65B /* LWIMutexLock.h */ = {isa = PBXFileReference; fileEncoding = 30; lastKnownFileType = sourcecode.c.h; path = LWIMutexLock.h; sourceTree = "<group>"; };
		2BE3F86E0C0F675D0080F65B /* LWIMutexLockGuard.h */ = {isa = PBXFileReference; fileEncoding = 30; lastKnownFileType = sourcecode.c.h; path = LWIMutexLockGuard.h; sourceTree = "<group>"; };
		2BE3F94D0C0F7E5F0080F65B /* LWIUser.h */ = {isa = PBXFileReference; fileEncoding = 4; lastKnownFileType = sourcecode.c.h; path = LWIUser.h; sourceTree = "<group>"; };
		2BE3F94E0C0F7E5F0080F65B /* LWIUser.cpp */ = {isa = PBXFileReference; fileEncoding = 4; lastKnownFileType = sourcecode.cpp.cpp; path = LWIUser.cpp; sourceTree = "<group>"; };
		2BE3F9610C0F91F50080F65B /* LWIGroup.h */ = {isa = PBXFileReference; fileEncoding = 4; lastKnownFileType = sourcecode.c.h; path = LWIGroup.h; sourceTree = "<group>"; };
		2BE3F9620C0F91F50080F65B /* LWIGroup.cpp */ = {isa = PBXFileReference; fileEncoding = 4; lastKnownFileType = sourcecode.cpp.cpp; path = LWIGroup.cpp; sourceTree = "<group>"; };
		4BF1C75BFEF02F6311DD2B58 /* PluginData.h */ = {isa = PBXFileReference; lastKnownFileType = sourcecode.c.h; path = PluginData.h; sourceTree = "<group>"; };
		4BF1C75DFEF02F6311DD2B58 /* ServerModule.h */ = {isa = PBXFileReference; lastKnownFileType = sourcecode.c.h; path = ServerModule.h; sourceTree = "<group>"; };
		4BF1C75EFEF02F6311DD2B58 /* ServerModuleLib.h */ = {isa = PBXFileReference; lastKnownFileType = sourcecode.c.h; path = ServerModuleLib.h; sourceTree = "<group>"; };
		4BF1C765FEF02F6311DD2B58 /* ServerModule.exp */ = {isa = PBXFileReference; lastKnownFileType = sourcecode.exports; path = ServerModule.exp; sourceTree = "<group>"; };
		4BF1C767FEF02F6311DD2B58 /* CoreFoundation.framework */ = {isa = PBXFileReference; lastKnownFileType = wrapper.framework; name = CoreFoundation.framework; path = /System/Library/Frameworks/CoreFoundation.framework; sourceTree = "<absolute>"; };
		4BF1C768FEF02F6311DD2B58 /* DirectoryService.framework */ = {isa = PBXFileReference; lastKnownFileType = wrapper.framework; name = DirectoryService.framework; path = /System/Library/Frameworks/DirectoryService.framework; sourceTree = "<absolute>"; };
		B9D5BDBF0C17948F0022680F /* LWIDirNodeQuery.cpp */ = {isa = PBXFileReference; fileEncoding = 30; lastKnownFileType = sourcecode.cpp.cpp; path = LWIDirNodeQuery.cpp; sourceTree = "<group>"; };
		B9D5BDC10C1794A30022680F /* LWIDirNodeQuery.h */ = {isa = PBXFileReference; fileEncoding = 30; lastKnownFileType = sourcecode.c.h; path = LWIDirNodeQuery.h; sourceTree = "<group>"; };
		F6B7F57A00C8586101DD2B8E /* LWIDSPlugIn.dsplug */ = {isa = PBXFileReference; explicitFileType = wrapper.cfbundle; path = LWIDSPlugIn.dsplug; sourceTree = BUILT_PRODUCTS_DIR; };
/* End PBXFileReference section */

/* Begin PBXFrameworksBuildPhase section */
		4BF1C779FEF02F6311DD2B58 /* Frameworks */ = {
			isa = PBXFrameworksBuildPhase;
			buildActionMask = 2147483647;
			files = (
				4BF1C77AFEF02F6311DD2B58 /* CoreFoundation.framework in Frameworks */,
				4BF1C77BFEF02F6311DD2B58 /* DirectoryService.framework in Frameworks */,
			);
			runOnlyForDeploymentPostprocessing = 0;
		};
/* End PBXFrameworksBuildPhase section */

/* Begin PBXGroup section */
		4BF1C750FEF02F6311DD2B58 /* SamplePlugin */ = {
			isa = PBXGroup;
			children = (
				4BF1C758FEF02F6311DD2B58 /* Headers */,
				4BF1C753FEF02F6311DD2B58 /* Classes */,
				4BF1C760FEF02F6311DD2B58 /* Supporting Files */,
				4BF1C766FEF02F6311DD2B58 /* External Frameworks and Libraries */,
				4BF1C751FEF02F6311DD2B58 /* Products */,
			);
			name = SamplePlugin;
			sourceTree = "<group>";
		};
		4BF1C751FEF02F6311DD2B58 /* Products */ = {
			isa = PBXGroup;
			children = (
				F6B7F57A00C8586101DD2B8E /* LWIDSPlugIn.dsplug */,
			);
			name = Products;
			sourceTree = "<group>";
		};
		4BF1C753FEF02F6311DD2B58 /* Classes */ = {
			isa = PBXGroup;
			children = (
				25C031290E10113700B7CCF5 /* LWAuthAdapter.cpp */,
				25C0312B0E10113700B7CCF5 /* LWISAuthAdapter.cpp */,
				2BA6CBA40C1A35C700352119 /* LWICRC.cpp */,
				B9D5BDBF0C17948F0022680F /* LWIDirNodeQuery.cpp */,
				2BE373E20C07C74E00261971 /* Utilities.cpp */,
				2BE205720C12946A009CE7E9 /* LWIBitVector.cpp */,
				2BE373BB0C07C73800261971 /* LWIAttrValDataQuery.cpp */,
				2BE373C40C07C73800261971 /* LWIQuery.cpp */,
				2BE373BF0C07C73800261971 /* LWIAuthAdapter.cpp */,
				2BE373CB0C07C73800261971 /* PlugInShell.cpp */,
				25FEF4C50DA371EF00204DDD /* LWIRecordQuery.cpp */,
				2BE373C80C07C73800261971 /* LWIRecTypeLookup.cpp */,
				2BE373C60C07C73800261971 /* LWIRecordListQuery.cpp */,
				2BE373B90C07C73800261971 /* LWIAttrLookup.cpp */,
				2BE3F94E0C0F7E5F0080F65B /* LWIUser.cpp */,
				04C5D69AFF9E071C11C9C878 /* ServerModule.c */,
				04C5D69BFF9E071C11C9C878 /* ServerModuleLib.c */,
				2BE3F9620C0F91F50080F65B /* LWIGroup.cpp */,
			);
			name = Classes;
			sourceTree = "<group>";
		};
		4BF1C758FEF02F6311DD2B58 /* Headers */ = {
			isa = PBXGroup;
			children = (
				25C031BE0E10230300B7CCF5 /* LWAuthAdapterImpl.h */,
				25C0312A0E10113700B7CCF5 /* LWAuthAdapter.h */,
				25C0312C0E10113700B7CCF5 /* LWISAuthAdapter.h */,
				2BE3F86D0C0F675D0080F65B /* LWIMutexLock.h */,
				2BE3F86E0C0F675D0080F65B /* LWIMutexLockGuard.h */,
				2BE205730C12946A009CE7E9 /* LWIBitVector.h */,
				25FEF4C60DA371EF00204DDD /* LWIRecordQuery.h */,
				2BE373BA0C07C73800261971 /* LWIAttrLookup.h */,
				2BE373C90C07C73800261971 /* LWIRecTypeLookup.h */,
				4BF1C75BFEF02F6311DD2B58 /* PluginData.h */,
				2BE373E30C07C74E00261971 /* Utilities.h */,
				2BE373E10C07C74E00261971 /* SharedData.h */,
				2BE373C70C07C73800261971 /* LWIRecordListQuery.h */,
				2BE373CA0C07C73800261971 /* LWIStruct.h */,
				2BE373C50C07C73800261971 /* LWIQuery.h */,
				2BE373CC0C07C73800261971 /* PlugInShell.h */,
				2BE373C20C07C73800261971 /* LWIPlugIn.h */,
				2BE373BC0C07C73800261971 /* LWIAttrValDataQuery.h */,
				2BE373C30C07C73800261971 /* LWIPlugInInitException.h */,
				B9D5BDC10C1794A30022680F /* LWIDirNodeQuery.h */,
				2BE373C10C07C73800261971 /* LWIException.h */,
				2BE373C00C07C73800261971 /* LWIAuthAdapter.h */,
				1DDA9AAAFF9E4F6911C9C878 /* PlugInConsts.h */,
				4BF1C75DFEF02F6311DD2B58 /* ServerModule.h */,
				2BE3F94D0C0F7E5F0080F65B /* LWIUser.h */,
				2BE3F9610C0F91F50080F65B /* LWIGroup.h */,
				4BF1C75EFEF02F6311DD2B58 /* ServerModuleLib.h */,
				2BA6CBA80C1A35DA00352119 /* LWICRC.h */,
			);
			name = Headers;
			sourceTree = "<group>";
		};
		4BF1C760FEF02F6311DD2B58 /* Supporting Files */ = {
			isa = PBXGroup;
			children = (
				4BF1C765FEF02F6311DD2B58 /* ServerModule.exp */,
			);
			name = "Supporting Files";
			sourceTree = "<group>";
		};
		4BF1C766FEF02F6311DD2B58 /* External Frameworks and Libraries */ = {
			isa = PBXGroup;
			children = (
				4BF1C767FEF02F6311DD2B58 /* CoreFoundation.framework */,
				4BF1C768FEF02F6311DD2B58 /* DirectoryService.framework */,
			);
			name = "External Frameworks and Libraries";
			sourceTree = "<group>";
		};
/* End PBXGroup section */

/* Begin PBXHeadersBuildPhase section */
		4BF1C76BFEF02F6311DD2B58 /* Headers */ = {
			isa = PBXHeadersBuildPhase;
			buildActionMask = 2147483647;
			files = (
				4BF1C76EFEF02F6311DD2B58 /* PluginData.h in Headers */,
				4BF1C770FEF02F6311DD2B58 /* ServerModule.h in Headers */,
				4BF1C771FEF02F6311DD2B58 /* ServerModuleLib.h in Headers */,
				1DDA9AABFF9E4F6911C9C878 /* PlugInConsts.h in Headers */,
				2BE373CE0C07C73800261971 /* LWIAttrLookup.h in Headers */,
				2BE373D00C07C73800261971 /* LWIAttrValDataQuery.h in Headers */,
				2BE373D40C07C73800261971 /* LWIAuthAdapter.h in Headers */,
				2BE373D50C07C73800261971 /* LWIException.h in Headers */,
				2BE373D60C07C73800261971 /* LWIPlugIn.h in Headers */,
				2BE373D70C07C73800261971 /* LWIPlugInInitException.h in Headers */,
				2BE373D90C07C73800261971 /* LWIQuery.h in Headers */,
				2BE373DB0C07C73800261971 /* LWIRecordListQuery.h in Headers */,
				2BE373DD0C07C73800261971 /* LWIRecTypeLookup.h in Headers */,
				2BE373DE0C07C73800261971 /* LWIStruct.h in Headers */,
				2BE373E00C07C73800261971 /* PlugInShell.h in Headers */,
				2BE373E40C07C74E00261971 /* SharedData.h in Headers */,
				2BE373E60C07C74E00261971 /* Utilities.h in Headers */,
				2BE3F86F0C0F675D0080F65B /* LWIMutexLock.h in Headers */,
				2BE3F8700C0F675D0080F65B /* LWIMutexLockGuard.h in Headers */,
				2BE3F94F0C0F7E5F0080F65B /* LWIUser.h in Headers */,
				2BE3F9630C0F91F50080F65B /* LWIGroup.h in Headers */,
				2BE205750C12946A009CE7E9 /* LWIBitVector.h in Headers */,
				B9D5BDC20C1794A30022680F /* LWIDirNodeQuery.h in Headers */,
				2BA6CBA90C1A35DA00352119 /* LWICRC.h in Headers */,
				25FEF4C80DA371EF00204DDD /* LWIRecordQuery.h in Headers */,
				25C0312E0E10113700B7CCF5 /* LWAuthAdapter.h in Headers */,
				25C031300E10113700B7CCF5 /* LWISAuthAdapter.h in Headers */,
				25C031BF0E10230300B7CCF5 /* LWAuthAdapterImpl.h in Headers */,
			);
			runOnlyForDeploymentPostprocessing = 0;
		};
/* End PBXHeadersBuildPhase section */

/* Begin PBXProject section */
		4BF1C74FFEF02F6311DD2B58 /* Project object */ = {
			isa = PBXProject;
			buildConfigurationList = 255EFF6C0BBC2AA000A16151 /* Build configuration list for PBXProject "LWIDSPlugIn" */;
			hasScannedForEncodings = 0;
			mainGroup = 4BF1C750FEF02F6311DD2B58 /* SamplePlugin */;
			productRefGroup = 4BF1C751FEF02F6311DD2B58 /* Products */;
			projectDirPath = "";
			projectRoot = "";
			targets = (
				4BF1C76AFEF02F6311DD2B58 /* LWIDSPlugIn (Bundle) */,
			);
		};
/* End PBXProject section */

/* Begin PBXResourcesBuildPhase section */
		4BF1C773FEF02F6311DD2B58 /* Resources */ = {
			isa = PBXResourcesBuildPhase;
			buildActionMask = 2147483647;
			files = (
			);
			runOnlyForDeploymentPostprocessing = 0;
		};
/* End PBXResourcesBuildPhase section */

/* Begin PBXRezBuildPhase section */
		4BF1C77DFEF02F6311DD2B58 /* Rez */ = {
			isa = PBXRezBuildPhase;
			buildActionMask = 2147483647;
			files = (
			);
			runOnlyForDeploymentPostprocessing = 0;
		};
/* End PBXRezBuildPhase section */

/* Begin PBXSourcesBuildPhase section */
		4BF1C774FEF02F6311DD2B58 /* Sources */ = {
			isa = PBXSourcesBuildPhase;
			buildActionMask = 2147483647;
			files = (
				04C5D69FFF9E071C11C9C878 /* ServerModule.c in Sources */,
				04C5D6A0FF9E071C11C9C878 /* ServerModuleLib.c in Sources */,
				2BE373CD0C07C73800261971 /* LWIAttrLookup.cpp in Sources */,
				2BE373CF0C07C73800261971 /* LWIAttrValDataQuery.cpp in Sources */,
				2BE373D30C07C73800261971 /* LWIAuthAdapter.cpp in Sources */,
				2BE373D80C07C73800261971 /* LWIQuery.cpp in Sources */,
				2BE373DA0C07C73800261971 /* LWIRecordListQuery.cpp in Sources */,
				2BE373DC0C07C73800261971 /* LWIRecTypeLookup.cpp in Sources */,
				2BE373DF0C07C73800261971 /* PlugInShell.cpp in Sources */,
				2BE373E50C07C74E00261971 /* Utilities.cpp in Sources */,
				2BE3F9500C0F7E5F0080F65B /* LWIUser.cpp in Sources */,
				2BE3F9640C0F91F50080F65B /* LWIGroup.cpp in Sources */,
				2BE205740C12946A009CE7E9 /* LWIBitVector.cpp in Sources */,
				B9D5BDC00C17948F0022680F /* LWIDirNodeQuery.cpp in Sources */,
				2BA6CBA50C1A35C700352119 /* LWICRC.cpp in Sources */,
				25FEF4C70DA371EF00204DDD /* LWIRecordQuery.cpp in Sources */,
				25C0312D0E10113700B7CCF5 /* LWAuthAdapter.cpp in Sources */,
				25C0312F0E10113700B7CCF5 /* LWISAuthAdapter.cpp in Sources */,
			);
			runOnlyForDeploymentPostprocessing = 0;
		};
/* End PBXSourcesBuildPhase section */

/* Begin XCBuildConfiguration section */
		255EFF690BBC2AA000A16151 /* Development */ = {
			isa = XCBuildConfiguration;
			buildSettings = {
				COPY_PHASE_STRIP = NO;
				FRAMEWORK_SEARCH_PATHS = "";
				GCC_DYNAMIC_NO_PIC = NO;
				GCC_ENABLE_FIX_AND_CONTINUE = YES;
				GCC_GENERATE_DEBUGGING_SYMBOLS = YES;
				GCC_OPTIMIZATION_LEVEL = 0;
				HEADER_SEARCH_PATHS = "";
				INSTALL_PATH = "$(NEXT_ROOT)$(LOCAL_LIBRARY_DIR)/DirectoryServices/PlugIns";
				LIBRARY_SEARCH_PATHS = "";
				OPTIMIZATION_CFLAGS = "-O0";
				OTHER_CFLAGS = "-DDEBUG";
				OTHER_LDFLAGS = (
					"-bundle_loader",
					/usr/sbin/DirectoryService,
				);
				OTHER_REZFLAGS = "";
				PREBINDING = NO;
				PRODUCT_NAME = LWIDSPlugIn;
				SECTORDER_FLAGS = "";
				WARNING_CFLAGS = (
					"-Wmost",
					"-Wno-four-char-constants",
					"-Wno-unknown-pragmas",
				);
				WRAPPER_EXTENSION = dsplug;
				ZERO_LINK = YES;
			};
			name = Development;
		};
		255EFF6A0BBC2AA000A16151 /* Deployment */ = {
			isa = XCBuildConfiguration;
			buildSettings = {
				COPY_PHASE_STRIP = YES;
				FRAMEWORK_SEARCH_PATHS = "";
				GCC_ENABLE_FIX_AND_CONTINUE = NO;
				HEADER_SEARCH_PATHS = "";
				INSTALL_PATH = "$(NEXT_ROOT)$(LOCAL_LIBRARY_DIR)/DirectoryServices/PlugIns";
				LIBRARY_SEARCH_PATHS = "";
				OTHER_CFLAGS = "-DDEBUG";
				OTHER_LDFLAGS = (
					"-bundle_loader",
					/usr/sbin/DirectoryService,
				);
				OTHER_REZFLAGS = "";
				PREBINDING = NO;
				PRODUCT_NAME = LWIDSPlugIn;
				SECTORDER_FLAGS = "";
				WARNING_CFLAGS = (
					"-Wmost",
					"-Wno-four-char-constants",
					"-Wno-unknown-pragmas",
				);
				WRAPPER_EXTENSION = dsplug;
				ZERO_LINK = NO;
			};
			name = Deployment;
		};
		255EFF6B0BBC2AA000A16151 /* Default */ = {
			isa = XCBuildConfiguration;
			buildSettings = {
				FRAMEWORK_SEARCH_PATHS = "";
				HEADER_SEARCH_PATHS = "";
				INSTALL_PATH = "$(NEXT_ROOT)$(LOCAL_LIBRARY_DIR)/DirectoryServices/PlugIns";
				LIBRARY_SEARCH_PATHS = "";
				OTHER_CFLAGS = "-DDEBUG";
				OTHER_LDFLAGS = (
					"-bundle_loader",
					/usr/sbin/DirectoryService,
				);
				OTHER_REZFLAGS = "";
				PREBINDING = NO;
				PRODUCT_NAME = LWIDSPlugIn;
				SECTORDER_FLAGS = "";
				WARNING_CFLAGS = (
					"-Wmost",
					"-Wno-four-char-constants",
					"-Wno-unknown-pragmas",
				);
				WRAPPER_EXTENSION = dsplug;
			};
			name = Default;
		};
		255EFF6D0BBC2AA000A16151 /* Development */ = {
			isa = XCBuildConfiguration;
			buildSettings = {
				BUNDLE_LOADER = /usr/sbin/DirectoryService;
			};
			name = Development;
		};
		255EFF6E0BBC2AA000A16151 /* Deployment */ = {
			isa = XCBuildConfiguration;
			buildSettings = {
				BUNDLE_LOADER = /usr/sbin/DirectoryService;
			};
			name = Deployment;
		};
		255EFF6F0BBC2AA000A16151 /* Default */ = {
			isa = XCBuildConfiguration;
			buildSettings = {
				BUNDLE_LOADER = /usr/sbin/DirectoryService;
			};
			name = Default;
		};
/* End XCBuildConfiguration section */

/* Begin XCConfigurationList section */
		255EFF680BBC2AA000A16151 /* Build configuration list for PBXBundleTarget "LWIDSPlugIn (Bundle)" */ = {
			isa = XCConfigurationList;
			buildConfigurations = (
				255EFF690BBC2AA000A16151 /* Development */,
				255EFF6A0BBC2AA000A16151 /* Deployment */,
				255EFF6B0BBC2AA000A16151 /* Default */,
			);
			defaultConfigurationIsVisible = 0;
			defaultConfigurationName = Default;
		};
		255EFF6C0BBC2AA000A16151 /* Build configuration list for PBXProject "LWIDSPlugIn" */ = {
			isa = XCConfigurationList;
			buildConfigurations = (
				255EFF6D0BBC2AA000A16151 /* Development */,
				255EFF6E0BBC2AA000A16151 /* Deployment */,
				255EFF6F0BBC2AA000A16151 /* Default */,
			);
			defaultConfigurationIsVisible = 0;
			defaultConfigurationName = Default;
		};
/* End XCConfigurationList section */
	};
	rootObject = 4BF1C74FFEF02F6311DD2B58 /* Project object */;
}
