
Microsoft Visual Studio Solution File, Format Version 9.00
# Visual Studio 2005
Project("{FAE04EC0-301F-11D3-BF4B-00C04F79EFBC}") = "FileBrowserPlugin", "FileBrowserPlugin.csproj", "{0EBDD91D-1078-485A-9C3B-9EA307B15F9B}"
EndProject
Global
	GlobalSection(SolutionConfigurationPlatforms) = preSolution
		Debug|Any CPU = Debug|Any CPU
		Release|Any CPU = Release|Any CPU
	EndGlobalSection
	GlobalSection(ProjectConfigurationPlatforms) = postSolution
		{0EBDD91D-1078-485A-9C3B-9EA307B15F9B}.Debug|Any CPU.ActiveCfg = Debug|Any CPU
		{0EBDD91D-1078-485A-9C3B-9EA307B15F9B}.Debug|Any CPU.Build.0 = Debug|Any CPU
		{0EBDD91D-1078-485A-9C3B-9EA307B15F9B}.Release|Any CPU.ActiveCfg = Release|Any CPU
		{0EBDD91D-1078-485A-9C3B-9EA307B15F9B}.Release|Any CPU.Build.0 = Release|Any CPU
	EndGlobalSection
	GlobalSection(SolutionProperties) = preSolution
		HideSolutionNode = FALSE
	EndGlobalSection
EndGlobal
